
Microsoft Visual Studio Solution File, Format Version 12.00
# Visual Studio Version 16
VisualStudioVersion = 16.0.30104.148
MinimumVisualStudioVersion = 10.0.40219.1
Project("{9A19103F-16F7-4668-BE54-9A1E7A4F7556}") = "Mvc.RazorTools.Base", "Mvc.RazorTools.Base\Mvc.RazorTools.Base.csproj", "{67E390A3-6546-445D-AC7A-A2824B8E1410}"
EndProject
Project("{9A19103F-16F7-4668-BE54-9A1E7A4F7556}") = "Mvc.RazorTools.Charts", "Mvc.RazorTools.Charts\Mvc.RazorTools.Charts.csproj", "{9395508B-EF83-4BE0-8673-65B53216B777}"
EndProject
Project("{9A19103F-16F7-4668-BE54-9A1E7A4F7556}") = "Mvc.RazorTools.FontAwesome", "Mvc.RazorTools.FontAwesome\Mvc.RazorTools.FontAwesome.csproj", "{4F4BB0BE-B94D-46EA-8951-FCBD20A8952B}"
EndProject
Project("{9A19103F-16F7-4668-BE54-9A1E7A4F7556}") = "Mvc.RazorTools.FontAwesome.CodeDesigner", "Mvc.RazorTools.FontAwesome.CodeDesigner\Mvc.RazorTools.FontAwesome.CodeDesigner.csproj", "{13F415AB-1390-4A8E-80C3-7DF9BF581599}"
EndProject
Project("{9A19103F-16F7-4668-BE54-9A1E7A4F7556}") = "Mvc.RazorTools.FontAwesome.Example", "Mvc.RazorTools.FontAwesome.Example\Mvc.RazorTools.FontAwesome.Example.csproj", "{0EE1058B-E259-4402-989B-9FB1E8A58501}"
EndProject
Project("{9A19103F-16F7-4668-BE54-9A1E7A4F7556}") = "Mvc.RazorTools.Charts.Example", "Mvc.RazorTools.Charts.Example\Mvc.RazorTools.Charts.Example.csproj", "{89546F20-1571-4B8D-811D-A77127D7B3E9}"
EndProject
Project("{9A19103F-16F7-4668-BE54-9A1E7A4F7556}") = "Mvc.RazorTools.Base.Tests", "Mvc.RazorTools.Base.Tests\Mvc.RazorTools.Base.Tests.csproj", "{246C027A-43B7-481A-A2A4-4FF4DC14ED93}"
EndProject
Project("{9A19103F-16F7-4668-BE54-9A1E7A4F7556}") = "Mvc.RazorTools.Charts.Tests", "Mvc.RazorTools.Charts.Tests\Mvc.RazorTools.Charts.Tests.csproj", "{D780C0EE-0DE8-483D-9345-315C32331019}"
EndProject
Project("{FAE04EC0-301F-11D3-BF4B-00C04F79EFBC}") = "Mvc.RazorTools.FontAwesome.Tests", "Mvc.RazorTools.FontAwesome.Tests\Mvc.RazorTools.FontAwesome.Tests.csproj", "{8714B209-1C5A-4474-9862-8F920DD6CE2F}"
EndProject
Global
	GlobalSection(SolutionConfigurationPlatforms) = preSolution
		Debug|Any CPU = Debug|Any CPU
		Release|Any CPU = Release|Any CPU
	EndGlobalSection
	GlobalSection(ProjectConfigurationPlatforms) = postSolution
		{67E390A3-6546-445D-AC7A-A2824B8E1410}.Debug|Any CPU.ActiveCfg = Debug|Any CPU
		{67E390A3-6546-445D-AC7A-A2824B8E1410}.Debug|Any CPU.Build.0 = Debug|Any CPU
		{67E390A3-6546-445D-AC7A-A2824B8E1410}.Release|Any CPU.ActiveCfg = Release|Any CPU
		{67E390A3-6546-445D-AC7A-A2824B8E1410}.Release|Any CPU.Build.0 = Release|Any CPU
		{9395508B-EF83-4BE0-8673-65B53216B777}.Debug|Any CPU.ActiveCfg = Debug|Any CPU
		{9395508B-EF83-4BE0-8673-65B53216B777}.Debug|Any CPU.Build.0 = Debug|Any CPU
		{9395508B-EF83-4BE0-8673-65B53216B777}.Release|Any CPU.ActiveCfg = Release|Any CPU
		{9395508B-EF83-4BE0-8673-65B53216B777}.Release|Any CPU.Build.0 = Release|Any CPU
		{4F4BB0BE-B94D-46EA-8951-FCBD20A8952B}.Debug|Any CPU.ActiveCfg = Debug|Any CPU
		{4F4BB0BE-B94D-46EA-8951-FCBD20A8952B}.Debug|Any CPU.Build.0 = Debug|Any CPU
		{4F4BB0BE-B94D-46EA-8951-FCBD20A8952B}.Release|Any CPU.ActiveCfg = Release|Any CPU
		{4F4BB0BE-B94D-46EA-8951-FCBD20A8952B}.Release|Any CPU.Build.0 = Release|Any CPU
		{13F415AB-1390-4A8E-80C3-7DF9BF581599}.Debug|Any CPU.ActiveCfg = Debug|Any CPU
		{13F415AB-1390-4A8E-80C3-7DF9BF581599}.Debug|Any CPU.Build.0 = Debug|Any CPU
		{13F415AB-1390-4A8E-80C3-7DF9BF581599}.Release|Any CPU.ActiveCfg = Release|Any CPU
		{13F415AB-1390-4A8E-80C3-7DF9BF581599}.Release|Any CPU.Build.0 = Release|Any CPU
		{0EE1058B-E259-4402-989B-9FB1E8A58501}.Debug|Any CPU.ActiveCfg = Debug|Any CPU
		{0EE1058B-E259-4402-989B-9FB1E8A58501}.Debug|Any CPU.Build.0 = Debug|Any CPU
		{0EE1058B-E259-4402-989B-9FB1E8A58501}.Release|Any CPU.ActiveCfg = Release|Any CPU
		{0EE1058B-E259-4402-989B-9FB1E8A58501}.Release|Any CPU.Build.0 = Release|Any CPU
		{89546F20-1571-4B8D-811D-A77127D7B3E9}.Debug|Any CPU.ActiveCfg = Debug|Any CPU
		{89546F20-1571-4B8D-811D-A77127D7B3E9}.Debug|Any CPU.Build.0 = Debug|Any CPU
		{89546F20-1571-4B8D-811D-A77127D7B3E9}.Release|Any CPU.ActiveCfg = Release|Any CPU
		{89546F20-1571-4B8D-811D-A77127D7B3E9}.Release|Any CPU.Build.0 = Release|Any CPU
		{246C027A-43B7-481A-A2A4-4FF4DC14ED93}.Debug|Any CPU.ActiveCfg = Debug|Any CPU
		{246C027A-43B7-481A-A2A4-4FF4DC14ED93}.Debug|Any CPU.Build.0 = Debug|Any CPU
		{246C027A-43B7-481A-A2A4-4FF4DC14ED93}.Release|Any CPU.ActiveCfg = Release|Any CPU
		{246C027A-43B7-481A-A2A4-4FF4DC14ED93}.Release|Any CPU.Build.0 = Release|Any CPU
		{D780C0EE-0DE8-483D-9345-315C32331019}.Debug|Any CPU.ActiveCfg = Debug|Any CPU
		{D780C0EE-0DE8-483D-9345-315C32331019}.Debug|Any CPU.Build.0 = Debug|Any CPU
		{D780C0EE-0DE8-483D-9345-315C32331019}.Release|Any CPU.ActiveCfg = Release|Any CPU
		{D780C0EE-0DE8-483D-9345-315C32331019}.Release|Any CPU.Build.0 = Release|Any CPU
		{8714B209-1C5A-4474-9862-8F920DD6CE2F}.Debug|Any CPU.ActiveCfg = Debug|Any CPU
		{8714B209-1C5A-4474-9862-8F920DD6CE2F}.Debug|Any CPU.Build.0 = Debug|Any CPU
		{8714B209-1C5A-4474-9862-8F920DD6CE2F}.Release|Any CPU.ActiveCfg = Release|Any CPU
		{8714B209-1C5A-4474-9862-8F920DD6CE2F}.Release|Any CPU.Build.0 = Release|Any CPU
	EndGlobalSection
	GlobalSection(SolutionProperties) = preSolution
		HideSolutionNode = FALSE
	EndGlobalSection
	GlobalSection(ExtensibilityGlobals) = postSolution
		SolutionGuid = {C852A29C-7111-49EC-83B6-FF65C66549C1}
	EndGlobalSection
EndGlobal
