
Microsoft Visual Studio Solution File, Format Version 12.00
# Visual Studio Version 16
VisualStudioVersion = 16.0.30104.148
MinimumVisualStudioVersion = 10.0.40219.1
Project("{9A19103F-16F7-4668-BE54-9A1E7A4F7556}") = "Mvc.RazorTools.Base", "Mvc.RazorTools.Base\Mvc.RazorTools.Base.csproj", "{67E390A3-6546-445D-AC7A-A2824B8E1410}"
EndProject
Project("{9A19103F-16F7-4668-BE54-9A1E7A4F7556}") = "Mvc.RazorTools.Charts", "Mvc.RazorTools.Charts\Mvc.RazorTools.Charts.csproj", "{9395508B-EF83-4BE0-8673-65B53216B777}"
EndProject
Project("{9A19103F-16F7-4668-BE54-9A1E7A4F7556}") = "Mvc.RazorTools.Charts.Sample", "Mvc.RazorTools.Charts.Sample\Mvc.RazorTools.Charts.Sample.csproj", "{FFF43849-A427-4DA5-B2AB-5E6A47593315}"
EndProject
Project("{9A19103F-16F7-4668-BE54-9A1E7A4F7556}") = "Mvc.RazorTools.FontAwesome", "Mvc.RazorTools.FontAwesome\Mvc.RazorTools.FontAwesome.csproj", "{4F4BB0BE-B94D-46EA-8951-FCBD20A8952B}"
EndProject
Project("{FAE04EC0-301F-11D3-BF4B-00C04F79EFBC}") = "Mvc.RazorTools.FontAwesome.CodeDesigner", "Mvc.RazorTools.FontAwesome.CodeDesigner\Mvc.RazorTools.FontAwesome.CodeDesigner.csproj", "{13F415AB-1390-4A8E-80C3-7DF9BF581599}"
EndProject
Global
	GlobalSection(SolutionConfigurationPlatforms) = preSolution
		Debug|Any CPU = Debug|Any CPU
		Release|Any CPU = Release|Any CPU
	EndGlobalSection
	GlobalSection(ProjectConfigurationPlatforms) = postSolution
		{67E390A3-6546-445D-AC7A-A2824B8E1410}.Debug|Any CPU.ActiveCfg = Debug|Any CPU
		{67E390A3-6546-445D-AC7A-A2824B8E1410}.Debug|Any CPU.Build.0 = Debug|Any CPU
		{67E390A3-6546-445D-AC7A-A2824B8E1410}.Release|Any CPU.ActiveCfg = Release|Any CPU
		{67E390A3-6546-445D-AC7A-A2824B8E1410}.Release|Any CPU.Build.0 = Release|Any CPU
		{9395508B-EF83-4BE0-8673-65B53216B777}.Debug|Any CPU.ActiveCfg = Debug|Any CPU
		{9395508B-EF83-4BE0-8673-65B53216B777}.Debug|Any CPU.Build.0 = Debug|Any CPU
		{9395508B-EF83-4BE0-8673-65B53216B777}.Release|Any CPU.ActiveCfg = Release|Any CPU
		{9395508B-EF83-4BE0-8673-65B53216B777}.Release|Any CPU.Build.0 = Release|Any CPU
		{FFF43849-A427-4DA5-B2AB-5E6A47593315}.Debug|Any CPU.ActiveCfg = Debug|Any CPU
		{FFF43849-A427-4DA5-B2AB-5E6A47593315}.Debug|Any CPU.Build.0 = Debug|Any CPU
		{FFF43849-A427-4DA5-B2AB-5E6A47593315}.Release|Any CPU.ActiveCfg = Release|Any CPU
		{FFF43849-A427-4DA5-B2AB-5E6A47593315}.Release|Any CPU.Build.0 = Release|Any CPU
		{4F4BB0BE-B94D-46EA-8951-FCBD20A8952B}.Debug|Any CPU.ActiveCfg = Debug|Any CPU
		{4F4BB0BE-B94D-46EA-8951-FCBD20A8952B}.Debug|Any CPU.Build.0 = Debug|Any CPU
		{4F4BB0BE-B94D-46EA-8951-FCBD20A8952B}.Release|Any CPU.ActiveCfg = Release|Any CPU
		{4F4BB0BE-B94D-46EA-8951-FCBD20A8952B}.Release|Any CPU.Build.0 = Release|Any CPU
		{13F415AB-1390-4A8E-80C3-7DF9BF581599}.Debug|Any CPU.ActiveCfg = Debug|Any CPU
		{13F415AB-1390-4A8E-80C3-7DF9BF581599}.Debug|Any CPU.Build.0 = Debug|Any CPU
		{13F415AB-1390-4A8E-80C3-7DF9BF581599}.Release|Any CPU.ActiveCfg = Release|Any CPU
		{13F415AB-1390-4A8E-80C3-7DF9BF581599}.Release|Any CPU.Build.0 = Release|Any CPU
	EndGlobalSection
	GlobalSection(SolutionProperties) = preSolution
		HideSolutionNode = FALSE
	EndGlobalSection
	GlobalSection(ExtensibilityGlobals) = postSolution
		SolutionGuid = {C852A29C-7111-49EC-83B6-FF65C66549C1}
	EndGlobalSection
EndGlobal
